
Microsoft Visual Studio Solution File, Format Version 12.00
# Visual Studio Version 17
VisualStudioVersion = 17.10.35027.167
MinimumVisualStudioVersion = 10.0.40219.1
Project("{9A19103F-16F7-4668-BE54-9A1E7A4F7556}") = "Barbers.Web", "Barbers.Web\Barbers.Web.csproj", "{3EC4C9DA-0B93-48A8-B61E-4AE2EF251B48}"
EndProject
Project("{9A19103F-16F7-4668-BE54-9A1E7A4F7556}") = "Barbers.Core", "Barbers.Core\Barbers.Core.csproj", "{BC252FF0-E9B8-49C3-95D9-43004C904E7C}"
EndProject
Project("{9A19103F-16F7-4668-BE54-9A1E7A4F7556}") = "Barber.Data", "Barber.Data\Barber.Data.csproj", "{A33E2996-733C-4AD0-9D7B-D26B1F63C228}"
EndProject
Global
	GlobalSection(SolutionConfigurationPlatforms) = preSolution
		Debug|Any CPU = Debug|Any CPU
		Release|Any CPU = Release|Any CPU
	EndGlobalSection
	GlobalSection(ProjectConfigurationPlatforms) = postSolution
		{3EC4C9DA-0B93-48A8-B61E-4AE2EF251B48}.Debug|Any CPU.ActiveCfg = Debug|Any CPU
		{3EC4C9DA-0B93-48A8-B61E-4AE2EF251B48}.Debug|Any CPU.Build.0 = Debug|Any CPU
		{3EC4C9DA-0B93-48A8-B61E-4AE2EF251B48}.Release|Any CPU.ActiveCfg = Release|Any CPU
		{3EC4C9DA-0B93-48A8-B61E-4AE2EF251B48}.Release|Any CPU.Build.0 = Release|Any CPU
		{BC252FF0-E9B8-49C3-95D9-43004C904E7C}.Debug|Any CPU.ActiveCfg = Debug|Any CPU
		{BC252FF0-E9B8-49C3-95D9-43004C904E7C}.Debug|Any CPU.Build.0 = Debug|Any CPU
		{BC252FF0-E9B8-49C3-95D9-43004C904E7C}.Release|Any CPU.ActiveCfg = Release|Any CPU
		{BC252FF0-E9B8-49C3-95D9-43004C904E7C}.Release|Any CPU.Build.0 = Release|Any CPU
		{A33E2996-733C-4AD0-9D7B-D26B1F63C228}.Debug|Any CPU.ActiveCfg = Debug|Any CPU
		{A33E2996-733C-4AD0-9D7B-D26B1F63C228}.Debug|Any CPU.Build.0 = Debug|Any CPU
		{A33E2996-733C-4AD0-9D7B-D26B1F63C228}.Release|Any CPU.ActiveCfg = Release|Any CPU
		{A33E2996-733C-4AD0-9D7B-D26B1F63C228}.Release|Any CPU.Build.0 = Release|Any CPU
	EndGlobalSection
	GlobalSection(SolutionProperties) = preSolution
		HideSolutionNode = FALSE
	EndGlobalSection
	GlobalSection(ExtensibilityGlobals) = postSolution
		SolutionGuid = {8C3FEF1C-212C-45A4-8AD7-117E4D2AB8FB}
	EndGlobalSection
EndGlobal
